
Microsoft Visual Studio Solution File, Format Version 12.00
# Visual Studio Version 17
VisualStudioVersion = 17.4.33213.308
MinimumVisualStudioVersion = 10.0.40219.1
Project("{FAE04EC0-301F-11D3-BF4B-00C04F79EFBC}") = "GwpApplication", "GwpApplication\GwpApplication.csproj", "{8DD06B08-A5D1-4B03-9D63-0574176348DC}"
EndProject
Project("{FAE04EC0-301F-11D3-BF4B-00C04F79EFBC}") = "Gwp.Model", "Gwp.Model\Gwp.Model.csproj", "{C1486A09-3F57-46BC-A212-5389B96B8337}"
EndProject
Project("{FAE04EC0-301F-11D3-BF4B-00C04F79EFBC}") = "Gwp.Business", "Gwp.Business\Gwp.Business.csproj", "{68BD193E-4005-4537-9C39-5396E7BBF47B}"
EndProject
Project("{FAE04EC0-301F-11D3-BF4B-00C04F79EFBC}") = "Gwp.DAL", "Gwp.DAL\Gwp.DAL.csproj", "{1D097F5A-F9CA-4B45-B345-D12198F350EE}"
EndProject
Project("{FAE04EC0-301F-11D3-BF4B-00C04F79EFBC}") = "Gwp.Tests", "Gwp.Tests\Gwp.Tests.csproj", "{BADF875D-37AA-49CE-B49A-E42F460EFC97}"
EndProject
Global
	GlobalSection(SolutionConfigurationPlatforms) = preSolution
		Debug|Any CPU = Debug|Any CPU
		Release|Any CPU = Release|Any CPU
	EndGlobalSection
	GlobalSection(ProjectConfigurationPlatforms) = postSolution
		{8DD06B08-A5D1-4B03-9D63-0574176348DC}.Debug|Any CPU.ActiveCfg = Debug|Any CPU
		{8DD06B08-A5D1-4B03-9D63-0574176348DC}.Debug|Any CPU.Build.0 = Debug|Any CPU
		{8DD06B08-A5D1-4B03-9D63-0574176348DC}.Release|Any CPU.ActiveCfg = Release|Any CPU
		{8DD06B08-A5D1-4B03-9D63-0574176348DC}.Release|Any CPU.Build.0 = Release|Any CPU
		{C1486A09-3F57-46BC-A212-5389B96B8337}.Debug|Any CPU.ActiveCfg = Debug|Any CPU
		{C1486A09-3F57-46BC-A212-5389B96B8337}.Debug|Any CPU.Build.0 = Debug|Any CPU
		{C1486A09-3F57-46BC-A212-5389B96B8337}.Release|Any CPU.ActiveCfg = Release|Any CPU
		{C1486A09-3F57-46BC-A212-5389B96B8337}.Release|Any CPU.Build.0 = Release|Any CPU
		{68BD193E-4005-4537-9C39-5396E7BBF47B}.Debug|Any CPU.ActiveCfg = Debug|Any CPU
		{68BD193E-4005-4537-9C39-5396E7BBF47B}.Debug|Any CPU.Build.0 = Debug|Any CPU
		{68BD193E-4005-4537-9C39-5396E7BBF47B}.Release|Any CPU.ActiveCfg = Release|Any CPU
		{68BD193E-4005-4537-9C39-5396E7BBF47B}.Release|Any CPU.Build.0 = Release|Any CPU
		{1D097F5A-F9CA-4B45-B345-D12198F350EE}.Debug|Any CPU.ActiveCfg = Debug|Any CPU
		{1D097F5A-F9CA-4B45-B345-D12198F350EE}.Debug|Any CPU.Build.0 = Debug|Any CPU
		{1D097F5A-F9CA-4B45-B345-D12198F350EE}.Release|Any CPU.ActiveCfg = Release|Any CPU
		{1D097F5A-F9CA-4B45-B345-D12198F350EE}.Release|Any CPU.Build.0 = Release|Any CPU
		{BADF875D-37AA-49CE-B49A-E42F460EFC97}.Debug|Any CPU.ActiveCfg = Debug|Any CPU
		{BADF875D-37AA-49CE-B49A-E42F460EFC97}.Debug|Any CPU.Build.0 = Debug|Any CPU
		{BADF875D-37AA-49CE-B49A-E42F460EFC97}.Release|Any CPU.ActiveCfg = Release|Any CPU
		{BADF875D-37AA-49CE-B49A-E42F460EFC97}.Release|Any CPU.Build.0 = Release|Any CPU
	EndGlobalSection
	GlobalSection(SolutionProperties) = preSolution
		HideSolutionNode = FALSE
	EndGlobalSection
	GlobalSection(ExtensibilityGlobals) = postSolution
		SolutionGuid = {25555720-8533-47ED-9E57-42C1B27067CA}
	EndGlobalSection
EndGlobal
